PODS:
  - AVOSCloud (3.3.1)
  - JSONModel (1.3.0)

DEPENDENCIES:
  - AVOSCloud (= 3.3.1)
  - JSONModel

SPEC CHECKSUMS:
  AVOSCloud: ce999e21da976f78c4eda53243699b634891d42d
  JSONModel: 81c06ecf99190a25fa6aafceea5faffa7880868a

PODFILE CHECKSUM: 159ae5f247b146afc59a830181e15cf3e2646250

COCOAPODS: 1.0.1
