// !$*UTF8*$!
{
	archiveVersion = 1;
	classes = {
	};
	objectVersion = 46;
	objects = {

/* Begin PBXBuildFile section */
		2F05AEE81D780E200029249E /* LeanCloudCloudEngineViewController.m in Sources */ = {isa = PBXBuildFile; fileRef = 2F05AEE71D780E200029249E /* LeanCloudCloudEngineViewController.m */; };
		2F6CBE5E1D67E17F008D2513 /* main.m in Sources */ = {isa = PBXBuildFile; fileRef = 2F6CBE5D1D67E17F008D2513 /* main.m */; };
		2F6CBE611D67E17F008D2513 /* AppDelegate.m in Sources */ = {isa = PBXBuildFile; fileRef = 2F6CBE601D67E17F008D2513 /* AppDelegate.m */; };
		2F6CBE641D67E17F008D2513 /* ViewController.m in Sources */ = {isa = PBXBuildFile; fileRef = 2F6CBE631D67E17F008D2513 /* ViewController.m */; };
		2F6CBE671D67E17F008D2513 /* Main.storyboard in Resources */ = {isa = PBXBuildFile; fileRef = 2F6CBE651D67E17F008D2513 /* Main.storyboard */; };
		2F6CBE6A1D67E17F008D2513 /* iosKitchenSink.xcdatamodeld in Sources */ = {isa = PBXBuildFile; fileRef = 2F6CBE681D67E17F008D2513 /* iosKitchenSink.xcdatamodeld */; };
		2F6CBE6C1D67E17F008D2513 /* Assets.xcassets in Resources */ = {isa = PBXBuildFile; fileRef = 2F6CBE6B1D67E17F008D2513 /* Assets.xcassets */; };
		2F6CBE6F1D67E17F008D2513 /* LaunchScreen.storyboard in Resources */ = {isa = PBXBuildFile; fileRef = 2F6CBE6D1D67E17F008D2513 /* LaunchScreen.storyboard */; };
		2F6CBE7A1D67E180008D2513 /* iosKitchenSinkTests.m in Sources */ = {isa = PBXBuildFile; fileRef = 2F6CBE791D67E180008D2513 /* iosKitchenSinkTests.m */; };
		2F6CBE851D67E180008D2513 /* iosKitchenSinkUITests.m in Sources */ = {isa = PBXBuildFile; fileRef = 2F6CBE841D67E180008D2513 /* iosKitchenSinkUITests.m */; };
		2F6CBE9C1D67FC80008D2513 /* CALayer+extendCornerRadius.m in Sources */ = {isa = PBXBuildFile; fileRef = 2F6CBE9B1D67FC80008D2513 /* CALayer+extendCornerRadius.m */; };
		2F6CBE9F1D680002008D2513 /* extendCornerRadiusViewController.m in Sources */ = {isa = PBXBuildFile; fileRef = 2F6CBE9E1D680002008D2513 /* extendCornerRadiusViewController.m */; };
		663D917A952A38CDBC9FEB2A /* libPods-iosKitchenSinkTests.a in Frameworks */ = {isa = PBXBuildFile; fileRef = 66D2D1FF66001EDA127CC78F /* libPods-iosKitchenSinkTests.a */; };
		A7721A1C8D2C5D21E2BA5FBA /* libPods-iosKitchenSink.a in Frameworks */ = {isa = PBXBuildFile; fileRef = 17653E3B8BF4590210122402 /* libPods-iosKitchenSink.a */; };
		E0F7189170C106C91EBC5FBF /* libPods-iosKitchenSinkUITests.a in Frameworks */ = {isa = PBXBuildFile; fileRef = BE912442F397D3D035C95736 /* libPods-iosKitchenSinkUITests.a */; };
/* End PBXBuildFile section */

/* Begin PBXContainerItemProxy section */
		2F6CBE761D67E180008D2513 /* PBXContainerItemProxy */ = {
			isa = PBXContainerItemProxy;
			containerPortal = 2F6CBE511D67E17F008D2513 /* Project object */;
			proxyType = 1;
			remoteGlobalIDString = 2F6CBE581D67E17F008D2513;
			remoteInfo = iosKitchenSink;
		};
		2F6CBE811D67E180008D2513 /* PBXContainerItemProxy */ = {
			isa = PBXContainerItemProxy;
			containerPortal = 2F6CBE511D67E17F008D2513 /* Project object */;
			proxyType = 1;
			remoteGlobalIDString = 2F6CBE581D67E17F008D2513;
			remoteInfo = iosKitchenSink;
		};
/* End PBXContainerItemProxy section */

/* Begin PBXFileReference section */
		17653E3B8BF4590210122402 /* libPods-iosKitchenSink.a */ = {isa = PBXFileReference; explicitFileType = archive.ar; includeInIndex = 0; path = "libPods-iosKitchenSink.a"; sourceTree = BUILT_PRODUCTS_DIR; };
		1BDE557EE23355CAD5BD4108 /* Pods-iosKitchenSinkTests.release.xcconfig */ = {isa = PBXFileReference; includeInIndex = 1; lastKnownFileType = text.xcconfig; name = "Pods-iosKitchenSinkTests.release.xcconfig"; path = "Pods/Target Support Files/Pods-iosKitchenSinkTests/Pods-iosKitchenSinkTests.release.xcconfig"; sourceTree = "<group>"; };
		2F05AEE51D780DAF0029249E /* PrefixHeader.pch */ = {isa = PBXFileReference; lastKnownFileType = sourcecode.c.h; path = PrefixHeader.pch; sourceTree = "<group>"; };
		2F05AEE61D780E200029249E /* LeanCloudCloudEngineViewController.h */ = {isa = PBXFileReference; fileEncoding = 4; lastKnownFileType = sourcecode.c.h; path = LeanCloudCloudEngineViewController.h; sourceTree = "<group>"; };
		2F05AEE71D780E200029249E /* LeanCloudCloudEngineViewController.m */ = {isa = PBXFileReference; fileEncoding = 4; lastKnownFileType = sourcecode.c.objc; path = LeanCloudCloudEngineViewController.m; sourceTree = "<group>"; };
		2F6CBE591D67E17F008D2513 /* iosKitchenSink.app */ = {isa = PBXFileReference; explicitFileType = wrapper.application; includeInIndex = 0; path = iosKitchenSink.app; sourceTree = BUILT_PRODUCTS_DIR; };
		2F6CBE5D1D67E17F008D2513 /* main.m */ = {isa = PBXFileReference; lastKnownFileType = sourcecode.c.objc; path = main.m; sourceTree = "<group>"; };
		2F6CBE5F1D67E17F008D2513 /* AppDelegate.h */ = {isa = PBXFileReference; lastKnownFileType = sourcecode.c.h; path = AppDelegate.h; sourceTree = "<group>"; };
		2F6CBE601D67E17F008D2513 /* AppDelegate.m */ = {isa = PBXFileReference; lastKnownFileType = sourcecode.c.objc; path = AppDelegate.m; sourceTree = "<group>"; };
		2F6CBE621D67E17F008D2513 /* ViewController.h */ = {isa = PBXFileReference; lastKnownFileType = sourcecode.c.h; path = ViewController.h; sourceTree = "<group>"; };
		2F6CBE631D67E17F008D2513 /* ViewController.m */ = {isa = PBXFileReference; lastKnownFileType = sourcecode.c.objc; path = ViewController.m; sourceTree = "<group>"; };
		2F6CBE661D67E17F008D2513 /* Base */ = {isa = PBXFileReference; lastKnownFileType = file.storyboard; name = Base; path = Base.lproj/Main.storyboard; sourceTree = "<group>"; };
		2F6CBE691D67E17F008D2513 /* iosKitchenSink.xcdatamodel */ = {isa = PBXFileReference; lastKnownFileType = wrapper.xcdatamodel; path = iosKitchenSink.xcdatamodel; sourceTree = "<group>"; };
		2F6CBE6B1D67E17F008D2513 /* Assets.xcassets */ = {isa = PBXFileReference; lastKnownFileType = folder.assetcatalog; path = Assets.xcassets; sourceTree = "<group>"; };
		2F6CBE6E1D67E17F008D2513 /* Base */ = {isa = PBXFileReference; lastKnownFileType = file.storyboard; name = Base; path = Base.lproj/LaunchScreen.storyboard; sourceTree = "<group>"; };
		2F6CBE701D67E17F008D2513 /* Info.plist */ = {isa = PBXFileReference; lastKnownFileType = text.plist.xml; path = Info.plist; sourceTree = "<group>"; };
		2F6CBE751D67E180008D2513 /* iosKitchenSinkTests.xctest */ = {isa = PBXFileReference; explicitFileType = wrapper.cfbundle; includeInIndex = 0; path = iosKitchenSinkTests.xctest; sourceTree = BUILT_PRODUCTS_DIR; };
		2F6CBE791D67E180008D2513 /* iosKitchenSinkTests.m */ = {isa = PBXFileReference; lastKnownFileType = sourcecode.c.objc; path = iosKitchenSinkTests.m; sourceTree = "<group>"; };
		2F6CBE7B1D67E180008D2513 /* Info.plist */ = {isa = PBXFileReference; lastKnownFileType = text.plist.xml; path = Info.plist; sourceTree = "<group>"; };
		2F6CBE801D67E180008D2513 /* iosKitchenSinkUITests.xctest */ = {isa = PBXFileReference; explicitFileType = wrapper.cfbundle; includeInIndex = 0; path = iosKitchenSinkUITests.xctest; sourceTree = BUILT_PRODUCTS_DIR; };
		2F6CBE841D67E180008D2513 /* iosKitchenSinkUITests.m */ = {isa = PBXFileReference; lastKnownFileType = sourcecode.c.objc; path = iosKitchenSinkUITests.m; sourceTree = "<group>"; };
		2F6CBE861D67E180008D2513 /* Info.plist */ = {isa = PBXFileReference; lastKnownFileType = text.plist.xml; path = Info.plist; sourceTree = "<group>"; };
		2F6CBE9A1D67FC80008D2513 /* CALayer+extendCornerRadius.h */ = {isa = PBXFileReference; fileEncoding = 4; lastKnownFileType = sourcecode.c.h; path = "CALayer+extendCornerRadius.h"; sourceTree = "<group>"; };
		2F6CBE9B1D67FC80008D2513 /* CALayer+extendCornerRadius.m */ = {isa = PBXFileReference; fileEncoding = 4; lastKnownFileType = sourcecode.c.objc; path = "CALayer+extendCornerRadius.m"; sourceTree = "<group>"; };
		2F6CBE9D1D680002008D2513 /* extendCornerRadiusViewController.h */ = {isa = PBXFileReference; fileEncoding = 4; lastKnownFileType = sourcecode.c.h; path = extendCornerRadiusViewController.h; sourceTree = "<group>"; };
		2F6CBE9E1D680002008D2513 /* extendCornerRadiusViewController.m */ = {isa = PBXFileReference; fileEncoding = 4; lastKnownFileType = sourcecode.c.objc; path = extendCornerRadiusViewController.m; sourceTree = "<group>"; };
		2F6CBEA01D682FAE008D2513 /* Define.h */ = {isa = PBXFileReference; lastKnownFileType = sourcecode.c.h; path = Define.h; sourceTree = "<group>"; };
		3B9ED24AFFAB9F7245FFB32C /* Pods-iosKitchenSinkUITests.debug.xcconfig */ = {isa = PBXFileReference; includeInIndex = 1; lastKnownFileType = text.xcconfig; name = "Pods-iosKitchenSinkUITests.debug.xcconfig"; path = "Pods/Target Support Files/Pods-iosKitchenSinkUITests/Pods-iosKitchenSinkUITests.debug.xcconfig"; sourceTree = "<group>"; };
		66D2D1FF66001EDA127CC78F /* libPods-iosKitchenSinkTests.a */ = {isa = PBXFileReference; explicitFileType = archive.ar; includeInIndex = 0; path = "libPods-iosKitchenSinkTests.a"; sourceTree = BUILT_PRODUCTS_DIR; };
		6AFBAF279906569D462D0AD5 /* Pods-iosKitchenSink.release.xcconfig */ = {isa = PBXFileReference; includeInIndex = 1; lastKnownFileType = text.xcconfig; name = "Pods-iosKitchenSink.release.xcconfig"; path = "Pods/Target Support Files/Pods-iosKitchenSink/Pods-iosKitchenSink.release.xcconfig"; sourceTree = "<group>"; };
		856E8670B4579AC911D749E5 /* Pods-iosKitchenSinkUITests.release.xcconfig */ = {isa = PBXFileReference; includeInIndex = 1; lastKnownFileType = text.xcconfig; name = "Pods-iosKitchenSinkUITests.release.xcconfig"; path = "Pods/Target Support Files/Pods-iosKitchenSinkUITests/Pods-iosKitchenSinkUITests.release.xcconfig"; sourceTree = "<group>"; };
		B427FAEF33AC4140EDD04134 /* Pods-iosKitchenSink.debug.xcconfig */ = {isa = PBXFileReference; includeInIndex = 1; lastKnownFileType = text.xcconfig; name = "Pods-iosKitchenSink.debug.xcconfig"; path = "Pods/Target Support Files/Pods-iosKitchenSink/Pods-iosKitchenSink.debug.xcconfig"; sourceTree = "<group>"; };
		BE912442F397D3D035C95736 /* libPods-iosKitchenSinkUITests.a */ = {isa = PBXFileReference; explicitFileType = archive.ar; includeInIndex = 0; path = "libPods-iosKitchenSinkUITests.a"; sourceTree = BUILT_PRODUCTS_DIR; };
		CC95AA8448318A64786025F9 /* Pods-iosKitchenSinkTests.debug.xcconfig */ = {isa = PBXFileReference; includeInIndex = 1; lastKnownFileType = text.xcconfig; name = "Pods-iosKitchenSinkTests.debug.xcconfig"; path = "Pods/Target Support Files/Pods-iosKitchenSinkTests/Pods-iosKitchenSinkTests.debug.xcconfig"; sourceTree = "<group>"; };
/* End PBXFileReference section */

/* Begin PBXFrameworksBuildPhase section */
		2F6CBE561D67E17F008D2513 /* Frameworks */ = {
			isa = PBXFrameworksBuildPhase;
			buildActionMask = 2147483647;
			files = (
				A7721A1C8D2C5D21E2BA5FBA /* libPods-iosKitchenSink.a in Frameworks */,
			);
			runOnlyForDeploymentPostprocessing = 0;
		};
		2F6CBE721D67E180008D2513 /* Frameworks */ = {
			isa = PBXFrameworksBuildPhase;
			buildActionMask = 2147483647;
			files = (
				663D917A952A38CDBC9FEB2A /* libPods-iosKitchenSinkTests.a in Frameworks */,
			);
			runOnlyForDeploymentPostprocessing = 0;
		};
		2F6CBE7D1D67E180008D2513 /* Frameworks */ = {
			isa = PBXFrameworksBuildPhase;
			buildActionMask = 2147483647;
			files = (
				E0F7189170C106C91EBC5FBF /* libPods-iosKitchenSinkUITests.a in Frameworks */,
			);
			runOnlyForDeploymentPostprocessing = 0;
		};
/* End PBXFrameworksBuildPhase section */

/* Begin PBXGroup section */
		2F6CBE501D67E17F008D2513 = {
			isa = PBXGroup;
			children = (
				2F05AEE51D780DAF0029249E /* PrefixHeader.pch */,
				2F6CBE5B1D67E17F008D2513 /* iosKitchenSink */,
				2F6CBE781D67E180008D2513 /* iosKitchenSinkTests */,
				2F6CBE831D67E180008D2513 /* iosKitchenSinkUITests */,
				2F6CBE5A1D67E17F008D2513 /* Products */,
				7650C84652D2E0C90F035385 /* Pods */,
				5970E1B4FC4C891F2254408B /* Frameworks */,
			);
			sourceTree = "<group>";
		};
		2F6CBE5A1D67E17F008D2513 /* Products */ = {
			isa = PBXGroup;
			children = (
				2F6CBE591D67E17F008D2513 /* iosKitchenSink.app */,
				2F6CBE751D67E180008D2513 /* iosKitchenSinkTests.xctest */,
				2F6CBE801D67E180008D2513 /* iosKitchenSinkUITests.xctest */,
			);
			name = Products;
			sourceTree = "<group>";
		};
		2F6CBE5B1D67E17F008D2513 /* iosKitchenSink */ = {
			isa = PBXGroup;
			children = (
				2F6CBE931D67EFFB008D2513 /* Library */,
				2F6CBE5F1D67E17F008D2513 /* AppDelegate.h */,
				2F6CBE601D67E17F008D2513 /* AppDelegate.m */,
				2F6CBE921D67E436008D2513 /* ViewController */,
				2F6CBE651D67E17F008D2513 /* Main.storyboard */,
				2F6CBE6B1D67E17F008D2513 /* Assets.xcassets */,
				2F6CBE6D1D67E17F008D2513 /* LaunchScreen.storyboard */,
				2F6CBE701D67E17F008D2513 /* Info.plist */,
				2F6CBE681D67E17F008D2513 /* iosKitchenSink.xcdatamodeld */,
				2F6CBE5C1D67E17F008D2513 /* Supporting Files */,
			);
			path = iosKitchenSink;
			sourceTree = "<group>";
		};
		2F6CBE5C1D67E17F008D2513 /* Supporting Files */ = {
			isa = PBXGroup;
			children = (
				2F6CBE5D1D67E17F008D2513 /* main.m */,
			);
			name = "Supporting Files";
			sourceTree = "<group>";
		};
		2F6CBE781D67E180008D2513 /* iosKitchenSinkTests */ = {
			isa = PBXGroup;
			children = (
				2F6CBE791D67E180008D2513 /* iosKitchenSinkTests.m */,
				2F6CBE7B1D67E180008D2513 /* Info.plist */,
			);
			path = iosKitchenSinkTests;
			sourceTree = "<group>";
		};
		2F6CBE831D67E180008D2513 /* iosKitchenSinkUITests */ = {
			isa = PBXGroup;
			children = (
				2F6CBE841D67E180008D2513 /* iosKitchenSinkUITests.m */,
				2F6CBE861D67E180008D2513 /* Info.plist */,
			);
			path = iosKitchenSinkUITests;
			sourceTree = "<group>";
		};
		2F6CBE921D67E436008D2513 /* ViewController */ = {
			isa = PBXGroup;
			children = (
				2F6CBE621D67E17F008D2513 /* ViewController.h */,
				2F6CBE631D67E17F008D2513 /* ViewController.m */,
				2F6CBE9D1D680002008D2513 /* extendCornerRadiusViewController.h */,
				2F6CBE9E1D680002008D2513 /* extendCornerRadiusViewController.m */,
				2F05AEE61D780E200029249E /* LeanCloudCloudEngineViewController.h */,
				2F05AEE71D780E200029249E /* LeanCloudCloudEngineViewController.m */,
			);
			name = ViewController;
			sourceTree = "<group>";
		};
		2F6CBE931D67EFFB008D2513 /* Library */ = {
			isa = PBXGroup;
			children = (
				2F6CBEA01D682FAE008D2513 /* Define.h */,
				2F6CBE9A1D67FC80008D2513 /* CALayer+extendCornerRadius.h */,
				2F6CBE9B1D67FC80008D2513 /* CALayer+extendCornerRadius.m */,
			);
			name = Library;
			sourceTree = "<group>";
		};
		5970E1B4FC4C891F2254408B /* Frameworks */ = {
			isa = PBXGroup;
			children = (
				17653E3B8BF4590210122402 /* libPods-iosKitchenSink.a */,
				66D2D1FF66001EDA127CC78F /* libPods-iosKitchenSinkTests.a */,
				BE912442F397D3D035C95736 /* libPods-iosKitchenSinkUITests.a */,
			);
			name = Frameworks;
			sourceTree = "<group>";
		};
		7650C84652D2E0C90F035385 /* Pods */ = {
			isa = PBXGroup;
			children = (
				B427FAEF33AC4140EDD04134 /* Pods-iosKitchenSink.debug.xcconfig */,
				6AFBAF279906569D462D0AD5 /* Pods-iosKitchenSink.release.xcconfig */,
				CC95AA8448318A64786025F9 /* Pods-iosKitchenSinkTests.debug.xcconfig */,
				1BDE557EE23355CAD5BD4108 /* Pods-iosKitchenSinkTests.release.xcconfig */,
				3B9ED24AFFAB9F7245FFB32C /* Pods-iosKitchenSinkUITests.debug.xcconfig */,
				856E8670B4579AC911D749E5 /* Pods-iosKitchenSinkUITests.release.xcconfig */,
			);
			name = Pods;
			sourceTree = "<group>";
		};
/* End PBXGroup section */

/* Begin PBXNativeTarget section */
		2F6CBE581D67E17F008D2513 /* iosKitchenSink */ = {
			isa = PBXNativeTarget;
			buildConfigurationList = 2F6CBE891D67E180008D2513 /* Build configuration list for PBXNativeTarget "iosKitchenSink" */;
			buildPhases = (
				684DAC86C320320522024497 /* [CP] Check Pods Manifest.lock */,
				2F6CBE551D67E17F008D2513 /* Sources */,
				2F6CBE561D67E17F008D2513 /* Frameworks */,
				2F6CBE571D67E17F008D2513 /* Resources */,
				298DF3B8F543D36578174B4E /* [CP] Embed Pods Frameworks */,
				F17DB8AF590498BC307BF082 /* [CP] Copy Pods Resources */,
			);
			buildRules = (
			);
			dependencies = (
			);
			name = iosKitchenSink;
			productName = iosKitchenSink;
			productReference = 2F6CBE591D67E17F008D2513 /* iosKitchenSink.app */;
			productType = "com.apple.product-type.application";
		};
		2F6CBE741D67E180008D2513 /* iosKitchenSinkTests */ = {
			isa = PBXNativeTarget;
			buildConfigurationList = 2F6CBE8C1D67E180008D2513 /* Build configuration list for PBXNativeTarget "iosKitchenSinkTests" */;
			buildPhases = (
				7D3AC94ACC5514698148A8BA /* [CP] Check Pods Manifest.lock */,
				2F6CBE711D67E180008D2513 /* Sources */,
				2F6CBE721D67E180008D2513 /* Frameworks */,
				2F6CBE731D67E180008D2513 /* Resources */,
				4959605A9ABD4F7BA2146AE1 /* [CP] Embed Pods Frameworks */,
				0C9CFC9CC61574D9441646EE /* [CP] Copy Pods Resources */,
			);
			buildRules = (
			);
			dependencies = (
				2F6CBE771D67E180008D2513 /* PBXTargetDependency */,
			);
			name = iosKitchenSinkTests;
			productName = iosKitchenSinkTests;
			productReference = 2F6CBE751D67E180008D2513 /* iosKitchenSinkTests.xctest */;
			productType = "com.apple.product-type.bundle.unit-test";
		};
		2F6CBE7F1D67E180008D2513 /* iosKitchenSinkUITests */ = {
			isa = PBXNativeTarget;
			buildConfigurationList = 2F6CBE8F1D67E180008D2513 /* Build configuration list for PBXNativeTarget "iosKitchenSinkUITests" */;
			buildPhases = (
				4702192A81F44A9C32965BB1 /* [CP] Check Pods Manifest.lock */,
				2F6CBE7C1D67E180008D2513 /* Sources */,
				2F6CBE7D1D67E180008D2513 /* Frameworks */,
				2F6CBE7E1D67E180008D2513 /* Resources */,
				DEF6C10D0BE2015E52361530 /* [CP] Copy Pods Resources */,
			);
			buildRules = (
			);
			dependencies = (
				2F6CBE821D67E180008D2513 /* PBXTargetDependency */,
			);
			name = iosKitchenSinkUITests;
			productName = iosKitchenSinkUITests;
			productReference = 2F6CBE801D67E180008D2513 /* iosKitchenSinkUITests.xctest */;
			productType = "com.apple.product-type.bundle.ui-testing";
		};
/* End PBXNativeTarget section */

/* Begin PBXProject section */
		2F6CBE511D67E17F008D2513 /* Project object */ = {
			isa = PBXProject;
			attributes = {
				LastUpgradeCheck = 0730;
				ORGANIZATIONNAME = harryfeng;
				TargetAttributes = {
					2F6CBE581D67E17F008D2513 = {
						CreatedOnToolsVersion = 7.3.1;
					};
					2F6CBE741D67E180008D2513 = {
						CreatedOnToolsVersion = 7.3.1;
						TestTargetID = 2F6CBE581D67E17F008D2513;
					};
					2F6CBE7F1D67E180008D2513 = {
						CreatedOnToolsVersion = 7.3.1;
						TestTargetID = 2F6CBE581D67E17F008D2513;
					};
				};
			};
			buildConfigurationList = 2F6CBE541D67E17F008D2513 /* Build configuration list for PBXProject "iosKitchenSink" */;
			compatibilityVersion = "Xcode 3.2";
			developmentRegion = English;
			hasScannedForEncodings = 0;
			knownRegions = (
				en,
				Base,
			);
			mainGroup = 2F6CBE501D67E17F008D2513;
			productRefGroup = 2F6CBE5A1D67E17F008D2513 /* Products */;
			projectDirPath = "";
			projectRoot = "";
			targets = (
				2F6CBE581D67E17F008D2513 /* iosKitchenSink */,
				2F6CBE741D67E180008D2513 /* iosKitchenSinkTests */,
				2F6CBE7F1D67E180008D2513 /* iosKitchenSinkUITests */,
			);
		};
/* End PBXProject section */

/* Begin PBXResourcesBuildPhase section */
		2F6CBE571D67E17F008D2513 /* Resources */ = {
			isa = PBXResourcesBuildPhase;
			buildActionMask = 2147483647;
			files = (
				2F6CBE6F1D67E17F008D2513 /* LaunchScreen.storyboard in Resources */,
				2F6CBE6C1D67E17F008D2513 /* Assets.xcassets in Resources */,
				2F6CBE671D67E17F008D2513 /* Main.storyboard in Resources */,
			);
			runOnlyForDeploymentPostprocessing = 0;
		};
		2F6CBE731D67E180008D2513 /* Resources */ = {
			isa = PBXResourcesBuildPhase;
			buildActionMask = 2147483647;
			files = (
			);
			runOnlyForDeploymentPostprocessing = 0;
		};
		2F6CBE7E1D67E180008D2513 /* Resources */ = {
			isa = PBXResourcesBuildPhase;
			buildActionMask = 2147483647;
			files = (
			);
			runOnlyForDeploymentPostprocessing = 0;
		};
/* End PBXResourcesBuildPhase section */

/* Begin PBXShellScriptBuildPhase section */
		0C9CFC9CC61574D9441646EE /* [CP] Copy Pods Resources */ = {
			isa = PBXShellScriptBuildPhase;
			buildActionMask = 2147483647;
			files = (
			);
			inputPaths = (
			);
			name = "[CP] Copy Pods Resources";
			outputPaths = (
			);
			runOnlyForDeploymentPostprocessing = 0;
			shellPath = /bin/sh;
			shellScript = "\"${SRCROOT}/Pods/Target Support Files/Pods-iosKitchenSinkTests/Pods-iosKitchenSinkTests-resources.sh\"\n";
			showEnvVarsInLog = 0;
		};
		298DF3B8F543D36578174B4E /* [CP] Embed Pods Frameworks */ = {
			isa = PBXShellScriptBuildPhase;
			buildActionMask = 2147483647;
			files = (
			);
			inputPaths = (
			);
			name = "[CP] Embed Pods Frameworks";
			outputPaths = (
			);
			runOnlyForDeploymentPostprocessing = 0;
			shellPath = /bin/sh;
			shellScript = "\"${SRCROOT}/Pods/Target Support Files/Pods-iosKitchenSink/Pods-iosKitchenSink-frameworks.sh\"\n";
			showEnvVarsInLog = 0;
		};
		4702192A81F44A9C32965BB1 /* [CP] Check Pods Manifest.lock */ = {
			isa = PBXShellScriptBuildPhase;
			buildActionMask = 2147483647;
			files = (
			);
			inputPaths = (
			);
			name = "[CP] Check Pods Manifest.lock";
			outputPaths = (
			);
			runOnlyForDeploymentPostprocessing = 0;
			shellPath = /bin/sh;
			shellScript = "diff \"${PODS_ROOT}/../Podfile.lock\" \"${PODS_ROOT}/Manifest.lock\" > /dev/null\nif [[ $? != 0 ]] ; then\n    cat << EOM\nerror: The sandbox is not in sync with the Podfile.lock. Run 'pod install' or update your CocoaPods installation.\nEOM\n    exit 1\nfi\n";
			showEnvVarsInLog = 0;
		};
		4959605A9ABD4F7BA2146AE1 /* [CP] Embed Pods Frameworks */ = {
			isa = PBXShellScriptBuildPhase;
			buildActionMask = 2147483647;
			files = (
			);
			inputPaths = (
			);
			name = "[CP] Embed Pods Frameworks";
			outputPaths = (
			);
			runOnlyForDeploymentPostprocessing = 0;
			shellPath = /bin/sh;
			shellScript = "\"${SRCROOT}/Pods/Target Support Files/Pods-iosKitchenSinkTests/Pods-iosKitchenSinkTests-frameworks.sh\"\n";
			showEnvVarsInLog = 0;
		};
		684DAC86C320320522024497 /* [CP] Check Pods Manifest.lock */ = {
			isa = PBXShellScriptBuildPhase;
			buildActionMask = 2147483647;
			files = (
			);
			inputPaths = (
			);
			name = "[CP] Check Pods Manifest.lock";
			outputPaths = (
			);
			runOnlyForDeploymentPostprocessing = 0;
			shellPath = /bin/sh;
			shellScript = "diff \"${PODS_ROOT}/../Podfile.lock\" \"${PODS_ROOT}/Manifest.lock\" > /dev/null\nif [[ $? != 0 ]] ; then\n    cat << EOM\nerror: The sandbox is not in sync with the Podfile.lock. Run 'pod install' or update your CocoaPods installation.\nEOM\n    exit 1\nfi\n";
			showEnvVarsInLog = 0;
		};
		7D3AC94ACC5514698148A8BA /* [CP] Check Pods Manifest.lock */ = {
			isa = PBXShellScriptBuildPhase;
			buildActionMask = 2147483647;
			files = (
			);
			inputPaths = (
			);
			name = "[CP] Check Pods Manifest.lock";
			outputPaths = (
			);
			runOnlyForDeploymentPostprocessing = 0;
			shellPath = /bin/sh;
			shellScript = "diff \"${PODS_ROOT}/../Podfile.lock\" \"${PODS_ROOT}/Manifest.lock\" > /dev/null\nif [[ $? != 0 ]] ; then\n    cat << EOM\nerror: The sandbox is not in sync with the Podfile.lock. Run 'pod install' or update your CocoaPods installation.\nEOM\n    exit 1\nfi\n";
			showEnvVarsInLog = 0;
		};
		DEF6C10D0BE2015E52361530 /* [CP] Copy Pods Resources */ = {
			isa = PBXShellScriptBuildPhase;
			buildActionMask = 2147483647;
			files = (
			);
			inputPaths = (
			);
			name = "[CP] Copy Pods Resources";
			outputPaths = (
			);
			runOnlyForDeploymentPostprocessing = 0;
			shellPath = /bin/sh;
			shellScript = "\"${SRCROOT}/Pods/Target Support Files/Pods-iosKitchenSinkUITests/Pods-iosKitchenSinkUITests-resources.sh\"\n";
			showEnvVarsInLog = 0;
		};
		F17DB8AF590498BC307BF082 /* [CP] Copy Pods Resources */ = {
			isa = PBXShellScriptBuildPhase;
			buildActionMask = 2147483647;
			files = (
			);
			inputPaths = (
			);
			name = "[CP] Copy Pods Resources";
			outputPaths = (
			);
			runOnlyForDeploymentPostprocessing = 0;
			shellPath = /bin/sh;
			shellScript = "\"${SRCROOT}/Pods/Target Support Files/Pods-iosKitchenSink/Pods-iosKitchenSink-resources.sh\"\n";
			showEnvVarsInLog = 0;
		};
/* End PBXShellScriptBuildPhase section */

/* Begin PBXSourcesBuildPhase section */
		2F6CBE551D67E17F008D2513 /* Sources */ = {
			isa = PBXSourcesBuildPhase;
			buildActionMask = 2147483647;
			files = (
				2F6CBE9C1D67FC80008D2513 /* CALayer+extendCornerRadius.m in Sources */,
				2F6CBE641D67E17F008D2513 /* ViewController.m in Sources */,
				2F6CBE6A1D67E17F008D2513 /* iosKitchenSink.xcdatamodeld in Sources */,
				2F6CBE611D67E17F008D2513 /* AppDelegate.m in Sources */,
				2F05AEE81D780E200029249E /* LeanCloudCloudEngineViewController.m in Sources */,
				2F6CBE5E1D67E17F008D2513 /* main.m in Sources */,
				2F6CBE9F1D680002008D2513 /* extendCornerRadiusViewController.m in Sources */,
			);
			runOnlyForDeploymentPostprocessing = 0;
		};
		2F6CBE711D67E180008D2513 /* Sources */ = {
			isa = PBXSourcesBuildPhase;
			buildActionMask = 2147483647;
			files = (
				2F6CBE7A1D67E180008D2513 /* iosKitchenSinkTests.m in Sources */,
			);
			runOnlyForDeploymentPostprocessing = 0;
		};
		2F6CBE7C1D67E180008D2513 /* Sources */ = {
			isa = PBXSourcesBuildPhase;
			buildActionMask = 2147483647;
			files = (
				2F6CBE851D67E180008D2513 /* iosKitchenSinkUITests.m in Sources */,
			);
			runOnlyForDeploymentPostprocessing = 0;
		};
/* End PBXSourcesBuildPhase section */

/* Begin PBXTargetDependency section */
		2F6CBE771D67E180008D2513 /* PBXTargetDependency */ = {
			isa = PBXTargetDependency;
			target = 2F6CBE581D67E17F008D2513 /* iosKitchenSink */;
			targetProxy = 2F6CBE761D67E180008D2513 /* PBXContainerItemProxy */;
		};
		2F6CBE821D67E180008D2513 /* PBXTargetDependency */ = {
			isa = PBXTargetDependency;
			target = 2F6CBE581D67E17F008D2513 /* iosKitchenSink */;
			targetProxy = 2F6CBE811D67E180008D2513 /* PBXContainerItemProxy */;
		};
/* End PBXTargetDependency section */

/* Begin PBXVariantGroup section */
		2F6CBE651D67E17F008D2513 /* Main.storyboard */ = {
			isa = PBXVariantGroup;
			children = (
				2F6CBE661D67E17F008D2513 /* Base */,
			);
			name = Main.storyboard;
			sourceTree = "<group>";
		};
		2F6CBE6D1D67E17F008D2513 /* LaunchScreen.storyboard */ = {
			isa = PBXVariantGroup;
			children = (
				2F6CBE6E1D67E17F008D2513 /* Base */,
			);
			name = LaunchScreen.storyboard;
			sourceTree = "<group>";
		};
/* End PBXVariantGroup section */

/* Begin XCBuildConfiguration section */
		2F6CBE871D67E180008D2513 /* Debug */ = {
			isa = XCBuildConfiguration;
			buildSettings = {
				ALWAYS_SEARCH_USER_PATHS = NO;
				CLANG_ANALYZER_NONNULL = YES;
				CLANG_CXX_LANGUAGE_STANDARD = "gnu++0x";
				CLANG_CXX_LIBRARY = "libc++";
				CLANG_ENABLE_MODULES = YES;
				CLANG_ENABLE_OBJC_ARC = YES;
				CLANG_WARN_BOOL_CONVERSION = YES;
				CLANG_WARN_CONSTANT_CONVERSION = YES;
				CLANG_WARN_DIRECT_OBJC_ISA_USAGE = YES_ERROR;
				CLANG_WARN_EMPTY_BODY = YES;
				CLANG_WARN_ENUM_CONVERSION = YES;
				CLANG_WARN_INT_CONVERSION = YES;
				CLANG_WARN_OBJC_ROOT_CLASS = YES_ERROR;
				CLANG_WARN_UNREACHABLE_CODE = YES;
				CLANG_WARN__DUPLICATE_METHOD_MATCH = YES;
				"CODE_SIGN_IDENTITY[sdk=iphoneos*]" = "iPhone Developer";
				COPY_PHASE_STRIP = NO;
				DEBUG_INFORMATION_FORMAT = dwarf;
				ENABLE_STRICT_OBJC_MSGSEND = YES;
				ENABLE_TESTABILITY = YES;
				GCC_C_LANGUAGE_STANDARD = gnu99;
				GCC_DYNAMIC_NO_PIC = NO;
				GCC_NO_COMMON_BLOCKS = YES;
				GCC_OPTIMIZATION_LEVEL = 0;
				GCC_PREPROCESSOR_DEFINITIONS = (
					"DEBUG=1",
					"$(inherited)",
				);
				GCC_WARN_64_TO_32_BIT_CONVERSION = YES;
				GCC_WARN_ABOUT_RETURN_TYPE = YES_ERROR;
				GCC_WARN_UNDECLARED_SELECTOR = YES;
				GCC_WARN_UNINITIALIZED_AUTOS = YES_AGGRESSIVE;
				GCC_WARN_UNUSED_FUNCTION = YES;
				GCC_WARN_UNUSED_VARIABLE = YES;
				IPHONEOS_DEPLOYMENT_TARGET = 9.3;
				MTL_ENABLE_DEBUG_INFO = YES;
				ONLY_ACTIVE_ARCH = YES;
				SDKROOT = iphoneos;
			};
			name = Debug;
		};
		2F6CBE881D67E180008D2513 /* Release */ = {
			isa = XCBuildConfiguration;
			buildSettings = {
				ALWAYS_SEARCH_USER_PATHS = NO;
				CLANG_ANALYZER_NONNULL = YES;
				CLANG_CXX_LANGUAGE_STANDARD = "gnu++0x";
				CLANG_CXX_LIBRARY = "libc++";
				CLANG_ENABLE_MODULES = YES;
				CLANG_ENABLE_OBJC_ARC = YES;
				CLANG_WARN_BOOL_CONVERSION = YES;
				CLANG_WARN_CONSTANT_CONVERSION = YES;
				CLANG_WARN_DIRECT_OBJC_ISA_USAGE = YES_ERROR;
				CLANG_WARN_EMPTY_BODY = YES;
				CLANG_WARN_ENUM_CONVERSION = YES;
				CLANG_WARN_INT_CONVERSION = YES;
				CLANG_WARN_OBJC_ROOT_CLASS = YES_ERROR;
				CLANG_WARN_UNREACHABLE_CODE = YES;
				CLANG_WARN__DUPLICATE_METHOD_MATCH = YES;
				"CODE_SIGN_IDENTITY[sdk=iphoneos*]" = "iPhone Developer";
				COPY_PHASE_STRIP = NO;
				DEBUG_INFORMATION_FORMAT = "dwarf-with-dsym";
				ENABLE_NS_ASSERTIONS = NO;
				ENABLE_STRICT_OBJC_MSGSEND = YES;
				GCC_C_LANGUAGE_STANDARD = gnu99;
				GCC_NO_COMMON_BLOCKS = YES;
				GCC_WARN_64_TO_32_BIT_CONVERSION = YES;
				GCC_WARN_ABOUT_RETURN_TYPE = YES_ERROR;
				GCC_WARN_UNDECLARED_SELECTOR = YES;
				GCC_WARN_UNINITIALIZED_AUTOS = YES_AGGRESSIVE;
				GCC_WARN_UNUSED_FUNCTION = YES;
				GCC_WARN_UNUSED_VARIABLE = YES;
				IPHONEOS_DEPLOYMENT_TARGET = 9.3;
				MTL_ENABLE_DEBUG_INFO = NO;
				SDKROOT = iphoneos;
				VALIDATE_PRODUCT = YES;
			};
			name = Release;
		};
		2F6CBE8A1D67E180008D2513 /* Debug */ = {
			isa = XCBuildConfiguration;
			baseConfigurationReference = B427FAEF33AC4140EDD04134 /* Pods-iosKitchenSink.debug.xcconfig */;
			buildSettings = {
				ASSETCATALOG_COMPILER_APPICON_NAME = AppIcon;
				GCC_PREFIX_HEADER = /Users/harryfeng/Documents/iOSKitchenSink/PrefixHeader.pch;
				INFOPLIST_FILE = iosKitchenSink/Info.plist;
				LD_RUNPATH_SEARCH_PATHS = "$(inherited) @executable_path/Frameworks";
				PRODUCT_BUNDLE_IDENTIFIER = com.harryfeng.iosKitchenSink;
				PRODUCT_NAME = "$(TARGET_NAME)";
			};
			name = Debug;
		};
		2F6CBE8B1D67E180008D2513 /* Release */ = {
			isa = XCBuildConfiguration;
			baseConfigurationReference = 6AFBAF279906569D462D0AD5 /* Pods-iosKitchenSink.release.xcconfig */;
			buildSettings = {
				ASSETCATALOG_COMPILER_APPICON_NAME = AppIcon;
				GCC_PREFIX_HEADER = /Users/harryfeng/Documents/iOSKitchenSink/PrefixHeader.pch;
				INFOPLIST_FILE = iosKitchenSink/Info.plist;
				LD_RUNPATH_SEARCH_PATHS = "$(inherited) @executable_path/Frameworks";
				PRODUCT_BUNDLE_IDENTIFIER = com.harryfeng.iosKitchenSink;
				PRODUCT_NAME = "$(TARGET_NAME)";
			};
			name = Release;
		};
		2F6CBE8D1D67E180008D2513 /* Debug */ = {
			isa = XCBuildConfiguration;
			baseConfigurationReference = CC95AA8448318A64786025F9 /* Pods-iosKitchenSinkTests.debug.xcconfig */;
			buildSettings = {
				BUNDLE_LOADER = "$(TEST_HOST)";
				INFOPLIST_FILE = iosKitchenSinkTests/Info.plist;
				LD_RUNPATH_SEARCH_PATHS = "$(inherited) @executable_path/Frameworks @loader_path/Frameworks";
				PRODUCT_BUNDLE_IDENTIFIER = com.harryfeng.iosKitchenSinkTests;
				PRODUCT_NAME = "$(TARGET_NAME)";
				TEST_HOST = "$(BUILT_PRODUCTS_DIR)/iosKitchenSink.app/iosKitchenSink";
			};
			name = Debug;
		};
		2F6CBE8E1D67E180008D2513 /* Release */ = {
			isa = XCBuildConfiguration;
			baseConfigurationReference = 1BDE557EE23355CAD5BD4108 /* Pods-iosKitchenSinkTests.release.xcconfig */;
			buildSettings = {
				BUNDLE_LOADER = "$(TEST_HOST)";
				INFOPLIST_FILE = iosKitchenSinkTests/Info.plist;
				LD_RUNPATH_SEARCH_PATHS = "$(inherited) @executable_path/Frameworks @loader_path/Frameworks";
				PRODUCT_BUNDLE_IDENTIFIER = com.harryfeng.iosKitchenSinkTests;
				PRODUCT_NAME = "$(TARGET_NAME)";
				TEST_HOST = "$(BUILT_PRODUCTS_DIR)/iosKitchenSink.app/iosKitchenSink";
			};
			name = Release;
		};
		2F6CBE901D67E180008D2513 /* Debug */ = {
			isa = XCBuildConfiguration;
			baseConfigurationReference = 3B9ED24AFFAB9F7245FFB32C /* Pods-iosKitchenSinkUITests.debug.xcconfig */;
			buildSettings = {
				INFOPLIST_FILE = iosKitchenSinkUITests/Info.plist;
				LD_RUNPATH_SEARCH_PATHS = "$(inherited) @executable_path/Frameworks @loader_path/Frameworks";
				PRODUCT_BUNDLE_IDENTIFIER = com.harryfeng.iosKitchenSinkUITests;
				PRODUCT_NAME = "$(TARGET_NAME)";
				TEST_TARGET_NAME = iosKitchenSink;
			};
			name = Debug;
		};
		2F6CBE911D67E180008D2513 /* Release */ = {
			isa = XCBuildConfiguration;
			baseConfigurationReference = 856E8670B4579AC911D749E5 /* Pods-iosKitchenSinkUITests.release.xcconfig */;
			buildSettings = {
				INFOPLIST_FILE = iosKitchenSinkUITests/Info.plist;
				LD_RUNPATH_SEARCH_PATHS = "$(inherited) @executable_path/Frameworks @loader_path/Frameworks";
				PRODUCT_BUNDLE_IDENTIFIER = com.harryfeng.iosKitchenSinkUITests;
				PRODUCT_NAME = "$(TARGET_NAME)";
				TEST_TARGET_NAME = iosKitchenSink;
			};
			name = Release;
		};
/* End XCBuildConfiguration section */

/* Begin XCConfigurationList section */
		2F6CBE541D67E17F008D2513 /* Build configuration list for PBXProject "iosKitchenSink" */ = {
			isa = XCConfigurationList;
			buildConfigurations = (
				2F6CBE871D67E180008D2513 /* Debug */,
				2F6CBE881D67E180008D2513 /* Release */,
			);
			defaultConfigurationIsVisible = 0;
			defaultConfigurationName = Release;
		};
		2F6CBE891D67E180008D2513 /* Build configuration list for PBXNativeTarget "iosKitchenSink" */ = {
			isa = XCConfigurationList;
			buildConfigurations = (
				2F6CBE8A1D67E180008D2513 /* Debug */,
				2F6CBE8B1D67E180008D2513 /* Release */,
			);
			defaultConfigurationIsVisible = 0;
			defaultConfigurationName = Release;
		};
		2F6CBE8C1D67E180008D2513 /* Build configuration list for PBXNativeTarget "iosKitchenSinkTests" */ = {
			isa = XCConfigurationList;
			buildConfigurations = (
				2F6CBE8D1D67E180008D2513 /* Debug */,
				2F6CBE8E1D67E180008D2513 /* Release */,
			);
			defaultConfigurationIsVisible = 0;
			defaultConfigurationName = Release;
		};
		2F6CBE8F1D67E180008D2513 /* Build configuration list for PBXNativeTarget "iosKitchenSinkUITests" */ = {
			isa = XCConfigurationList;
			buildConfigurations = (
				2F6CBE901D67E180008D2513 /* Debug */,
				2F6CBE911D67E180008D2513 /* Release */,
			);
			defaultConfigurationIsVisible = 0;
			defaultConfigurationName = Release;
		};
/* End XCConfigurationList section */

/* Begin XCVersionGroup section */
		2F6CBE681D67E17F008D2513 /* iosKitchenSink.xcdatamodeld */ = {
			isa = XCVersionGroup;
			children = (
				2F6CBE691D67E17F008D2513 /* iosKitchenSink.xcdatamodel */,
			);
			currentVersion = 2F6CBE691D67E17F008D2513 /* iosKitchenSink.xcdatamodel */;
			path = iosKitchenSink.xcdatamodeld;
			sourceTree = "<group>";
			versionGroupType = wrapper.xcdatamodel;
		};
/* End XCVersionGroup section */
	};
	rootObject = 2F6CBE511D67E17F008D2513 /* Project object */;
}
